
Microsoft Visual Studio Solution File, Format Version 12.00
# Visual Studio Version 17
VisualStudioVersion = 17.3.32922.545
MinimumVisualStudioVersion = 10.0.40219.1
Project("{FAE04EC0-301F-11D3-BF4B-00C04F79EFBC}") = "Game2", "Game2\Game2.csproj", "{BFEC4AD2-0FD5-4A2B-B698-4BDB3A91A9DC}"
EndProject
Global
	GlobalSection(SolutionConfigurationPlatforms) = preSolution
		Debug|Any CPU = Debug|Any CPU
		Release|Any CPU = Release|Any CPU
	EndGlobalSection
	GlobalSection(ProjectConfigurationPlatforms) = postSolution
		{BFEC4AD2-0FD5-4A2B-B698-4BDB3A91A9DC}.Debug|Any CPU.ActiveCfg = Debug|Any CPU
		{BFEC4AD2-0FD5-4A2B-B698-4BDB3A91A9DC}.Debug|Any CPU.Build.0 = Debug|Any CPU
		{BFEC4AD2-0FD5-4A2B-B698-4BDB3A91A9DC}.Release|Any CPU.ActiveCfg = Release|Any CPU
		{BFEC4AD2-0FD5-4A2B-B698-4BDB3A91A9DC}.Release|Any CPU.Build.0 = Release|Any CPU
	EndGlobalSection
	GlobalSection(SolutionProperties) = preSolution
		HideSolutionNode = FALSE
	EndGlobalSection
	GlobalSection(ExtensibilityGlobals) = postSolution
		SolutionGuid = {9DD2672E-9F5D-431A-B018-B97E1E6AD6E9}
	EndGlobalSection
EndGlobal
